
Microsoft Visual Studio Solution File, Format Version 12.00
# Visual Studio 15
VisualStudioVersion = 15.0.28307.757
MinimumVisualStudioVersion = 10.0.40219.1
Project("{FAE04EC0-301F-11D3-BF4B-00C04F79EFBC}") = "DevOps.cs", "DevOps.cs\DevOps.cs.csproj", "{11AB605C-0A64-4FE3-ABF4-A2E2EF13FAAF}"
EndProject
Global
	GlobalSection(SolutionConfigurationPlatforms) = preSolution
		Debug|Any CPU = Debug|Any CPU
		Release|Any CPU = Release|Any CPU
	EndGlobalSection
	GlobalSection(ProjectConfigurationPlatforms) = postSolution
		{11AB605C-0A64-4FE3-ABF4-A2E2EF13FAAF}.Debug|Any CPU.ActiveCfg = Debug|Any CPU
		{11AB605C-0A64-4FE3-ABF4-A2E2EF13FAAF}.Debug|Any CPU.Build.0 = Debug|Any CPU
		{11AB605C-0A64-4FE3-ABF4-A2E2EF13FAAF}.Release|Any CPU.ActiveCfg = Release|Any CPU
		{11AB605C-0A64-4FE3-ABF4-A2E2EF13FAAF}.Release|Any CPU.Build.0 = Release|Any CPU
	EndGlobalSection
	GlobalSection(SolutionProperties) = preSolution
		HideSolutionNode = FALSE
	EndGlobalSection
	GlobalSection(ExtensibilityGlobals) = postSolution
		SolutionGuid = {D0942398-719A-47C0-9257-5935935B899E}
	EndGlobalSection
EndGlobal
